<?xml version="1.0" encoding="utf-8"?>
<Project ToolsVersion="4.0" xmlns="http://schemas.microsoft.com/developer/msbuild/2003">
  <ItemGroup>
    <Filter Include="Build Files">
      <UniqueIdentifier>{432a9cec-6639-4b30-b248-45af386bcdf3}</UniqueIdentifier>
      <Extensions>bat;cmd;ps1;sh</Extensions>
    </Filter>
    <Filter Include="Header Files">
      <UniqueIdentifier>{dbc1b271-b138-4ce3-b60b-ae15bb00d312}</UniqueIdentifier>
      <Extensions>h;hh;hpp;hxx;h++;hm;inl;inc;ipp;xsd</Extensions>
    </Filter>
    <Filter Include="Other Files">
      <UniqueIdentifier>{2af9edd6-3597-488a-bb81-c5759106b3a8}</UniqueIdentifier>
      <Extensions>txt;log;doc</Extensions>
    </Filter>
    <Filter Include="Resource Files">
      <UniqueIdentifier>{3d127843-e59a-4913-aa10-3c6603ea4a8c}</UniqueIdentifier>
      <Extensions>rc;ico;cur;bmp;dlg;rc2;rct;bin;rgs;gif;jpg;jpeg;avif;jfif;resx;tiff;tif;png;wav;mfcribbon-ms;h</Extensions>
    </Filter>
    <Filter Include="Source Files">
      <UniqueIdentifier>{65c2ac86-e266-4e5a-949a-a0ed70e2ca6e}</UniqueIdentifier>
      <Extensions>cpp;c;cc;cxx;c++;cppm;ixx;def;odl;idl;hpj;asm;asmx</Extensions>
    </Filter>
  </ItemGroup>
  <ItemGroup>
    <None Include="mscoree.akibld.bat">
      <Filter>Build Files</Filter>
    </None>
    <None Include="clr\src\vm\sources.inc">
      <Filter>Header Files</Filter>
    </None>
    <None Include="clr\src\vm\i386\asmhelpers.asm">
      <Filter>Source Files</Filter>
    </None>
    <None Include="clr\src\vm\i386\fptext.asm">
      <Filter>Source Files</Filter>
    </None>
    <None Include="clr\src\vm\i386\gmsasm.asm">
      <Filter>Source Files</Filter>
    </None>
    <None Include="clr\src\vm\i386\jithelp.asm">
      <Filter>Source Files</Filter>
    </None>
  </ItemGroup>
  <ItemGroup>
    <ClInclude Include="clr\src\inc\cor.h">
      <Filter>Header Files</Filter>
    </ClInclude>
    <ClInclude Include="clr\src\vm\common.h">
      <Filter>Header Files</Filter>
    </ClInclude>
    <ClInclude Include="pal\inc\rotor_pal.h">
      <Filter>Header Files</Filter>
    </ClInclude>
    <ClInclude Include="clr\src\inc\winwrap.h">
      <Filter>Header Files</Filter>
    </ClInclude>
    <ClInclude Include="clr\src\inc\crtwrap.h">
      <Filter>Header Files</Filter>
    </ClInclude>
  </ItemGroup>
  <ItemGroup>
    <ClInclude Include="mscoree-resources.h">
      <Filter>Resource Files</Filter>
    </ClInclude>
  </ItemGroup>
  <ItemGroup>
    <Image Include="mscoree.ico">
      <Filter>Resource Files</Filter>
    </Image>
  </ItemGroup>
  <ItemGroup>
    <ResourceCompile Include="mscoree.rc">
      <Filter>Resource Files</Filter>
    </ResourceCompile>
  </ItemGroup>
  <ItemGroup>
    <ClCompile Include="clr\src\vm\ceemain.cpp">
      <Filter>Source Files</Filter>
    </ClCompile>
    <ClCompile Include="clr\src\vm\appdomain.cpp">
      <Filter>Source Files</Filter>
    </ClCompile>
    <ClCompile Include="clr\src\vm\appdomainhelper.cpp">
      <Filter>Source Files</Filter>
    </ClCompile>
    <ClCompile Include="clr\src\vm\appdomainnative.cpp">
      <Filter>Source Files</Filter>
    </ClCompile>
    <ClCompile Include="clr\src\vm\appdomainstack.cpp">
      <Filter>Source Files</Filter>
    </ClCompile>
    <ClCompile Include="clr\src\vm\array.cpp">
      <Filter>Source Files</Filter>
    </ClCompile>
    <ClCompile Include="clr\src\vm\assembly.cpp">
      <Filter>Source Files</Filter>
    </ClCompile>
    <ClCompile Include="clr\src\vm\assemblyname.cpp">
      <Filter>Source Files</Filter>
    </ClCompile>
    <ClCompile Include="clr\src\vm\assemblynative.cpp">
      <Filter>Source Files</Filter>
    </ClCompile>
    <ClCompile Include="clr\src\vm\assemblyspec.cpp">
      <Filter>Source Files</Filter>
    </ClCompile>
    <ClCompile Include="clr\src\vm\assemblysink.cpp">
      <Filter>Source Files</Filter>
    </ClCompile>
    <ClCompile Include="clr\src\vm\binder.cpp">
      <Filter>Source Files</Filter>
    </ClCompile>
    <ClCompile Include="clr\src\vm\cachelinealloc.cpp">
      <Filter>Source Files</Filter>
    </ClCompile>
    <ClCompile Include="clr\src\vm\ceeload.cpp">
      <Filter>Source Files</Filter>
    </ClCompile>
    <ClCompile Include="clr\src\vm\certificatecache.cpp">
      <Filter>Source Files</Filter>
    </ClCompile>
    <ClCompile Include="clr\src\vm\class.cpp">
      <Filter>Source Files</Filter>
    </ClCompile>
    <ClCompile Include="clr\src\vm\clrex.cpp">
      <Filter>Source Files</Filter>
    </ClCompile>
    <ClCompile Include="clr\src\vm\clsload.cpp">
      <Filter>Source Files</Filter>
    </ClCompile>
    <ClCompile Include="clr\src\vm\codeman.cpp">
      <Filter>Source Files</Filter>
    </ClCompile>
    <ClCompile Include="clr\src\vm\confighelper.cpp">
      <Filter>Source Files</Filter>
    </ClCompile>
    <ClCompile Include="clr\src\vm\constrainedexecutionregion.cpp">
      <Filter>Source Files</Filter>
    </ClCompile>
    <ClCompile Include="clr\src\vm\comarrayhelpers.cpp">
      <Filter>Source Files</Filter>
    </ClCompile>
    <ClCompile Include="clr\src\vm\comarrayinfo.cpp">
      <Filter>Source Files</Filter>
    </ClCompile>
    <ClCompile Include="clr\src\vm\comcallablewrapper.cpp">
      <Filter>Source Files</Filter>
    </ClCompile>
    <ClCompile Include="clr\src\vm\comcurrency.cpp">
      <Filter>Source Files</Filter>
    </ClCompile>
    <ClCompile Include="clr\src\vm\comdatetime.cpp">
      <Filter>Source Files</Filter>
    </ClCompile>
    <ClCompile Include="clr\src\vm\comdecimal.cpp">
      <Filter>Source Files</Filter>
    </ClCompile>
    <ClCompile Include="clr\src\vm\comdelegate.cpp">
      <Filter>Source Files</Filter>
    </ClCompile>
    <ClCompile Include="clr\src\vm\comdynamic.cpp">
      <Filter>Source Files</Filter>
    </ClCompile>
    <ClCompile Include="clr\src\vm\comisolatedstorage.cpp">
      <Filter>Source Files</Filter>
    </ClCompile>
    <ClCompile Include="clr\src\vm\commemoryfailpoint.cpp">
      <Filter>Source Files</Filter>
    </ClCompile>
    <ClCompile Include="clr\src\vm\commethodrental.cpp">
      <Filter>Source Files</Filter>
    </ClCompile>
    <ClCompile Include="clr\src\vm\comnumber.cpp">
      <Filter>Source Files</Filter>
    </ClCompile>
    <ClCompile Include="clr\src\vm\domainfile.cpp">
      <Filter>Source Files</Filter>
    </ClCompile>
    <ClCompile Include="clr\src\vm\testhookmgr.cpp">
      <Filter>Source Files</Filter>
    </ClCompile>
    <ClCompile Include="clr\src\vm\commodule.cpp">
      <Filter>Source Files</Filter>
    </ClCompile>
    <ClCompile Include="clr\src\vm\marshalnative.cpp">
      <Filter>Source Files</Filter>
    </ClCompile>
    <ClCompile Include="clr\src\vm\comobject.cpp">
      <Filter>Source Files</Filter>
    </ClCompile>
    <ClCompile Include="clr\src\vm\comreflectioncommon.cpp">
      <Filter>Source Files</Filter>
    </ClCompile>
    <ClCompile Include="clr\src\vm\comstreams.cpp">
      <Filter>Source Files</Filter>
    </ClCompile>
    <ClCompile Include="clr\src\vm\comstring.cpp">
      <Filter>Source Files</Filter>
    </ClCompile>
    <ClCompile Include="clr\src\vm\comstringbuffer.cpp">
      <Filter>Source Files</Filter>
    </ClCompile>
    <ClCompile Include="clr\src\vm\comsynchronizable.cpp">
      <Filter>Source Files</Filter>
    </ClCompile>
    <ClCompile Include="clr\src\vm\comsystem.cpp">
      <Filter>Source Files</Filter>
    </ClCompile>
    <ClCompile Include="clr\src\vm\comthreadpool.cpp">
      <Filter>Source Files</Filter>
    </ClCompile>
    <ClCompile Include="clr\src\vm\comutilnative.cpp">
      <Filter>Source Files</Filter>
    </ClCompile>
    <ClCompile Include="clr\src\vm\comvariant.cpp">
      <Filter>Source Files</Filter>
    </ClCompile>
    <ClCompile Include="clr\src\vm\comvarargs.cpp">
      <Filter>Source Files</Filter>
    </ClCompile>
    <ClCompile Include="clr\src\vm\comwaithandle.cpp">
      <Filter>Source Files</Filter>
    </ClCompile>
    <ClCompile Include="clr\src\vm\corhost.cpp">
      <Filter>Source Files</Filter>
    </ClCompile>
    <ClCompile Include="clr\src\vm\custommarshalerinfo.cpp">
      <Filter>Source Files</Filter>
    </ClCompile>
    <ClCompile Include="clr\src\vm\crossdomaincalls.cpp">
      <Filter>Source Files</Filter>
    </ClCompile>
    <ClCompile Include="clr\src\vm\crst.cpp">
      <Filter>Source Files</Filter>
    </ClCompile>
    <ClCompile Include="clr\src\vm\contexts.cpp">
      <Filter>Source Files</Filter>
    </ClCompile>
    <ClCompile Include="clr\src\vm\customattribute.cpp">
      <Filter>Source Files</Filter>
    </ClCompile>
    <ClCompile Include="clr\src\vm\debughelp.cpp">
      <Filter>Source Files</Filter>
    </ClCompile>
    <ClCompile Include="clr\src\vm\decodemd.cpp">
      <Filter>Source Files</Filter>
    </ClCompile>
    <ClCompile Include="clr\src\vm\debugdebugger.cpp">
      <Filter>Source Files</Filter>
    </ClCompile>
    <ClCompile Include="clr\src\vm\debuginfostore.cpp">
      <Filter>Source Files</Filter>
    </ClCompile>
    <ClCompile Include="clr\src\vm\dynamicmethod.cpp">
      <Filter>Source Files</Filter>
    </ClCompile>
    <ClCompile Include="clr\src\vm\ecall.cpp">
      <Filter>Source Files</Filter>
    </ClCompile>
    <ClCompile Include="clr\src\vm\eeconfig.cpp">
      <Filter>Source Files</Filter>
    </ClCompile>
    <ClCompile Include="clr\src\vm\eeconfigfactory.cpp">
      <Filter>Source Files</Filter>
    </ClCompile>
    <ClCompile Include="clr\src\vm\eecontract.cpp">
      <Filter>Source Files</Filter>
    </ClCompile>
    <ClCompile Include="clr\src\vm\eedbginterfaceimpl.cpp">
      <Filter>Source Files</Filter>
    </ClCompile>
    <ClCompile Include="clr\src\vm\eehash.cpp">
      <Filter>Source Files</Filter>
    </ClCompile>
    <ClCompile Include="clr\src\vm\eemessagebox.cpp">
      <Filter>Source Files</Filter>
    </ClCompile>
    <ClCompile Include="clr\src\vm\eepolicy.cpp">
      <Filter>Source Files</Filter>
    </ClCompile>
    <ClCompile Include="clr\src\vm\eetwain.cpp">
      <Filter>Source Files</Filter>
    </ClCompile>
    <ClCompile Include="clr\src\vm\eventstore.cpp">
      <Filter>Source Files</Filter>
    </ClCompile>
    <ClCompile Include="clr\src\vm\excep.cpp">
      <Filter>Source Files</Filter>
    </ClCompile>
    <ClCompile Include="clr\src\vm\exstate.cpp">
      <Filter>Source Files</Filter>
    </ClCompile>
    <ClCompile Include="clr\src\vm\fcall.cpp">
      <Filter>Source Files</Filter>
    </ClCompile>
    <ClCompile Include="clr\src\vm\field.cpp">
      <Filter>Source Files</Filter>
    </ClCompile>
    <ClCompile Include="clr\src\vm\fptrstubs.cpp">
      <Filter>Source Files</Filter>
    </ClCompile>
    <ClCompile Include="clr\src\vm\fjit_eetwain.cpp">
      <Filter>Source Files</Filter>
    </ClCompile>
    <ClCompile Include="clr\src\vm\frames.cpp">
      <Filter>Source Files</Filter>
    </ClCompile>
    <ClCompile Include="clr\src\vm\fusionbind.cpp">
      <Filter>Source Files</Filter>
    </ClCompile>
    <ClCompile Include="clr\src\vm\fusioninit.cpp">
      <Filter>Source Files</Filter>
    </ClCompile>
    <ClCompile Include="clr\src\vm\fusionsink.cpp">
      <Filter>Source Files</Filter>
    </ClCompile>
    <ClCompile Include="clr\src\vm\fusionwrap.cpp">
      <Filter>Source Files</Filter>
    </ClCompile>
    <ClCompile Include="clr\src\vm\gccommon.cpp">
      <Filter>Source Files</Filter>
    </ClCompile>
    <ClCompile Include="clr\src\vm\gcdecode.cpp">
      <Filter>Source Files</Filter>
    </ClCompile>
    <ClCompile Include="clr\src\vm\gceesvr.cpp">
      <Filter>Source Files</Filter>
    </ClCompile>
    <ClCompile Include="clr\src\vm\gceewks.cpp">
      <Filter>Source Files</Filter>
    </ClCompile>
    <ClCompile Include="clr\src\vm\gchost.cpp">
      <Filter>Source Files</Filter>
    </ClCompile>
    <ClCompile Include="clr\src\vm\gcscan.cpp">
      <Filter>Source Files</Filter>
    </ClCompile>
    <ClCompile Include="clr\src\vm\gcsvr.cpp">
      <Filter>Source Files</Filter>
    </ClCompile>
    <ClCompile Include="clr\src\vm\gcwks.cpp">
      <Filter>Source Files</Filter>
    </ClCompile>
    <ClCompile Include="clr\src\vm\genericdict.cpp">
      <Filter>Source Files</Filter>
    </ClCompile>
    <ClCompile Include="clr\src\vm\generics.cpp">
      <Filter>Source Files</Filter>
    </ClCompile>
    <ClCompile Include="clr\src\vm\genmeth.cpp">
      <Filter>Source Files</Filter>
    </ClCompile>
    <ClCompile Include="clr\src\vm\handletable.cpp">
      <Filter>Source Files</Filter>
    </ClCompile>
    <ClCompile Include="clr\src\vm\handletablecache.cpp">
      <Filter>Source Files</Filter>
    </ClCompile>
    <ClCompile Include="clr\src\vm\handletablecore.cpp">
      <Filter>Source Files</Filter>
    </ClCompile>
    <ClCompile Include="clr\src\vm\handletablescan.cpp">
      <Filter>Source Files</Filter>
    </ClCompile>
    <ClCompile Include="clr\src\vm\hash.cpp">
      <Filter>Source Files</Filter>
    </ClCompile>
    <ClCompile Include="clr\src\vm\hosting.cpp">
      <Filter>Source Files</Filter>
    </ClCompile>
    <ClCompile Include="clr\src\vm\hostexecutioncontext.cpp">
      <Filter>Source Files</Filter>
    </ClCompile>
    <ClCompile Include="clr\src\vm\ilmarshalers.cpp">
      <Filter>Source Files</Filter>
    </ClCompile>
    <ClCompile Include="clr\src\vm\ilstubcache.cpp">
      <Filter>Source Files</Filter>
    </ClCompile>
    <ClCompile Include="clr\src\vm\ilstubresolver.cpp">
      <Filter>Source Files</Filter>
    </ClCompile>
    <ClCompile Include="clr\src\vm\instmethhash.cpp">
      <Filter>Source Files</Filter>
    </ClCompile>
    <ClCompile Include="clr\src\vm\interopconverter.cpp">
      <Filter>Source Files</Filter>
    </ClCompile>
    <ClCompile Include="clr\src\vm\interoputil.cpp">
      <Filter>Source Files</Filter>
    </ClCompile>
    <ClCompile Include="clr\src\vm\invokeutil.cpp">
      <Filter>Source Files</Filter>
    </ClCompile>
    <ClCompile Include="clr\src\vm\contractimpl.cpp">
      <Filter>Source Files</Filter>
    </ClCompile>
    <ClCompile Include="clr\src\vm\jithelpers.cpp">
      <Filter>Source Files</Filter>
    </ClCompile>
    <ClCompile Include="clr\src\vm\jitinterface.cpp">
      <Filter>Source Files</Filter>
    </ClCompile>
    <ClCompile Include="clr\src\vm\list.cpp">
      <Filter>Source Files</Filter>
    </ClCompile>
    <ClCompile Include="clr\src\vm\listlock.cpp">
      <Filter>Source Files</Filter>
    </ClCompile>
    <ClCompile Include="clr\src\vm\memberload.cpp">
      <Filter>Source Files</Filter>
    </ClCompile>
    <ClCompile Include="clr\src\vm\managedmdimport.cpp">
      <Filter>Source Files</Filter>
    </ClCompile>
    <ClCompile Include="clr\src\vm\message.cpp">
      <Filter>Source Files</Filter>
    </ClCompile>
    <ClCompile Include="clr\src\vm\method.cpp">
      <Filter>Source Files</Filter>
    </ClCompile>
    <ClCompile Include="clr\src\vm\methoditer.cpp">
      <Filter>Source Files</Filter>
    </ClCompile>
    <ClCompile Include="clr\src\vm\methodimpl.cpp">
      <Filter>Source Files</Filter>
    </ClCompile>
    <ClCompile Include="clr\src\vm\methodtable.cpp">
      <Filter>Source Files</Filter>
    </ClCompile>
    <ClCompile Include="clr\src\vm\ml.cpp">
      <Filter>Source Files</Filter>
    </ClCompile>
    <ClCompile Include="clr\src\vm\mlcache.cpp">
      <Filter>Source Files</Filter>
    </ClCompile>
    <ClCompile Include="clr\src\vm\mlgen.cpp">
      <Filter>Source Files</Filter>
    </ClCompile>
    <ClCompile Include="clr\src\vm\mlinfo.cpp">
      <Filter>Source Files</Filter>
    </ClCompile>
    <ClCompile Include="clr\src\vm\nativeoverlapped.cpp">
      <Filter>Source Files</Filter>
    </ClCompile>
    <ClCompile Include="clr\src\vm\newcompressedstack.cpp">
      <Filter>Source Files</Filter>
    </ClCompile>
    <ClCompile Include="clr\src\vm\dllimport.cpp">
      <Filter>Source Files</Filter>
    </ClCompile>
    <ClCompile Include="clr\src\vm\dllimportcallback.cpp">
      <Filter>Source Files</Filter>
    </ClCompile>
    <ClCompile Include="clr\src\vm\fieldmarshaler.cpp">
      <Filter>Source Files</Filter>
    </ClCompile>
    <ClCompile Include="clr\src\vm\object.cpp">
      <Filter>Source Files</Filter>
    </ClCompile>
    <ClCompile Include="clr\src\vm\objectclone.cpp">
      <Filter>Source Files</Filter>
    </ClCompile>
    <ClCompile Include="clr\src\vm\objecthandle.cpp">
      <Filter>Source Files</Filter>
    </ClCompile>
    <ClCompile Include="clr\src\vm\objectlist.cpp">
      <Filter>Source Files</Filter>
    </ClCompile>
    <ClCompile Include="clr\src\vm\olevariant.cpp">
      <Filter>Source Files</Filter>
    </ClCompile>
    <ClCompile Include="clr\src\vm\pefile.cpp">
      <Filter>Source Files</Filter>
    </ClCompile>
    <ClCompile Include="clr\src\vm\peimage.cpp">
      <Filter>Source Files</Filter>
    </ClCompile>
    <ClCompile Include="clr\src\vm\peimagelayout.cpp">
      <Filter>Source Files</Filter>
    </ClCompile>
    <ClCompile Include="clr\src\vm\pendingload.cpp">
      <Filter>Source Files</Filter>
    </ClCompile>
    <ClCompile Include="clr\src\vm\prestub.cpp">
      <Filter>Source Files</Filter>
    </ClCompile>
    <ClCompile Include="clr\src\vm\precode.cpp">
      <Filter>Source Files</Filter>
    </ClCompile>
    <ClCompile Include="clr\src\vm\proftoeeinterfaceimpl.cpp">
      <Filter>Source Files</Filter>
    </ClCompile>
    <ClCompile Include="clr\src\vm\reflectclasswriter.cpp">
      <Filter>Source Files</Filter>
    </ClCompile>
    <ClCompile Include="clr\src\vm\reflectioninvocation.cpp">
      <Filter>Source Files</Filter>
    </ClCompile>
    <ClCompile Include="clr\src\vm\remoting.cpp">
      <Filter>Source Files</Filter>
    </ClCompile>
    <ClCompile Include="clr\src\vm\runtimehandles.cpp">
      <Filter>Source Files</Filter>
    </ClCompile>
    <ClCompile Include="clr\src\vm\rwlock.cpp">
      <Filter>Source Files</Filter>
    </ClCompile>
    <ClCompile Include="clr\src\vm\safehandle.cpp">
      <Filter>Source Files</Filter>
    </ClCompile>
    <ClCompile Include="clr\src\vm\securityattributes.cpp">
      <Filter>Source Files</Filter>
    </ClCompile>
    <ClCompile Include="clr\src\vm\securityconfig.cpp">
      <Filter>Source Files</Filter>
    </ClCompile>
    <ClCompile Include="clr\src\vm\securitydeclarative.cpp">
      <Filter>Source Files</Filter>
    </ClCompile>
    <ClCompile Include="clr\src\vm\securitydescriptor.cpp">
      <Filter>Source Files</Filter>
    </ClCompile>
    <ClCompile Include="clr\src\vm\securityhostprotection.cpp">
      <Filter>Source Files</Filter>
    </ClCompile>
    <ClCompile Include="clr\src\vm\securitydescriptorappdomain.cpp">
      <Filter>Source Files</Filter>
    </ClCompile>
    <ClCompile Include="clr\src\vm\securitydescriptorassembly.cpp">
      <Filter>Source Files</Filter>
    </ClCompile>
    <ClCompile Include="clr\src\vm\securitymeta.cpp">
      <Filter>Source Files</Filter>
    </ClCompile>
    <ClCompile Include="clr\src\vm\securityimperative.cpp">
      <Filter>Source Files</Filter>
    </ClCompile>
    <ClCompile Include="clr\src\vm\securitypolicy.cpp">
      <Filter>Source Files</Filter>
    </ClCompile>
    <ClCompile Include="clr\src\vm\securitystackwalk.cpp">
      <Filter>Source Files</Filter>
    </ClCompile>
    <ClCompile Include="clr\src\vm\securitytransparentassembly.cpp">
      <Filter>Source Files</Filter>
    </ClCompile>
    <ClCompile Include="clr\src\vm\siginfo.cpp">
      <Filter>Source Files</Filter>
    </ClCompile>
    <ClCompile Include="clr\src\vm\sigformat.cpp">
      <Filter>Source Files</Filter>
    </ClCompile>
    <ClCompile Include="clr\src\vm\simplerwlock.cpp">
      <Filter>Source Files</Filter>
    </ClCompile>
    <ClCompile Include="clr\src\vm\sourceline.cpp">
      <Filter>Source Files</Filter>
    </ClCompile>
    <ClCompile Include="clr\src\vm\spinlock.cpp">
      <Filter>Source Files</Filter>
    </ClCompile>
    <ClCompile Include="clr\src\vm\stackingallocator.cpp">
      <Filter>Source Files</Filter>
    </ClCompile>
    <ClCompile Include="clr\src\vm\stackwalk.cpp">
      <Filter>Source Files</Filter>
    </ClCompile>
    <ClCompile Include="clr\src\vm\stackbuildersink.cpp">
      <Filter>Source Files</Filter>
    </ClCompile>
    <ClCompile Include="clr\src\vm\stackcompressor.cpp">
      <Filter>Source Files</Filter>
    </ClCompile>
    <ClCompile Include="clr\src\vm\strongname.cpp">
      <Filter>Source Files</Filter>
    </ClCompile>
    <ClCompile Include="clr\src\vm\stublink.cpp">
      <Filter>Source Files</Filter>
    </ClCompile>
    <ClCompile Include="clr\src\vm\stringliteralmap.cpp">
      <Filter>Source Files</Filter>
    </ClCompile>
    <ClCompile Include="clr\src\vm\stubmgr.cpp">
      <Filter>Source Files</Filter>
    </ClCompile>
    <ClCompile Include="clr\src\vm\syncblk.cpp">
      <Filter>Source Files</Filter>
    </ClCompile>
    <ClCompile Include="clr\src\vm\synch.cpp">
      <Filter>Source Files</Filter>
    </ClCompile>
    <ClCompile Include="clr\src\vm\syncclean.cpp">
      <Filter>Source Files</Filter>
    </ClCompile>
    <ClCompile Include="clr\src\vm\synchronizationcontextnative.cpp">
      <Filter>Source Files</Filter>
    </ClCompile>
    <ClCompile Include="clr\src\vm\threads.cpp">
      <Filter>Source Files</Filter>
    </ClCompile>
    <ClCompile Include="clr\src\vm\tokeniter.cpp">
      <Filter>Source Files</Filter>
    </ClCompile>
    <ClCompile Include="clr\src\vm\typectxt.cpp">
      <Filter>Source Files</Filter>
    </ClCompile>
    <ClCompile Include="clr\src\vm\typedesc.cpp">
      <Filter>Source Files</Filter>
    </ClCompile>
    <ClCompile Include="clr\src\vm\typehandle.cpp">
      <Filter>Source Files</Filter>
    </ClCompile>
    <ClCompile Include="clr\src\vm\typehash.cpp">
      <Filter>Source Files</Filter>
    </ClCompile>
    <ClCompile Include="clr\src\vm\typeparse.cpp">
      <Filter>Source Files</Filter>
    </ClCompile>
    <ClCompile Include="clr\src\vm\typestring.cpp">
      <Filter>Source Files</Filter>
    </ClCompile>
    <ClCompile Include="clr\src\vm\util.cpp">
      <Filter>Source Files</Filter>
    </ClCompile>
    <ClCompile Include="clr\src\vm\validator.cpp">
      <Filter>Source Files</Filter>
    </ClCompile>
    <ClCompile Include="clr\src\vm\vars.cpp">
      <Filter>Source Files</Filter>
    </ClCompile>
    <ClCompile Include="clr\src\vm\verifier.cpp">
      <Filter>Source Files</Filter>
    </ClCompile>
    <ClCompile Include="clr\src\vm\virtualcallstub.cpp">
      <Filter>Source Files</Filter>
    </ClCompile>
    <ClCompile Include="clr\src\vm\win32threadpool.cpp">
      <Filter>Source Files</Filter>
    </ClCompile>
    <ClCompile Include="clr\src\vm\gmheap.cpp">
      <Filter>Source Files</Filter>
    </ClCompile>
    <ClCompile Include="clr\src\vm\i386\cgenx86.cpp">
      <Filter>Source Files</Filter>
    </ClCompile>
    <ClCompile Include="clr\src\vm\i386\excepx86.cpp">
      <Filter>Source Files</Filter>
    </ClCompile>
    <ClCompile Include="clr\src\vm\i386\gmsx86.cpp">
      <Filter>Source Files</Filter>
    </ClCompile>
    <ClCompile Include="clr\src\vm\i386\jitinterfacex86.cpp">
      <Filter>Source Files</Filter>
    </ClCompile>
    <ClCompile Include="clr\src\vm\i386\profiler.cpp">
      <Filter>Source Files</Filter>
    </ClCompile>
    <ClCompile Include="clr\src\vm\i386\remotingx86.cpp">
      <Filter>Source Files</Filter>
    </ClCompile>
    <ClCompile Include="clr\src\vm\i386\stublinkerx86.cpp">
      <Filter>Source Files</Filter>
    </ClCompile>
    <ClCompile Include="clr\src\vm\exinfo.cpp">
      <Filter>Source Files</Filter>
    </ClCompile>
  </ItemGroup>
</Project>